
Microsoft Visual Studio Solution File, Format Version 12.00
# Visual Studio 2013
VisualStudioVersion = 12.0.21005.1
MinimumVisualStudioVersion = 10.0.40219.1
Project("{FAE04EC0-301F-11D3-BF4B-00C04F79EFBC}") = "Drum", "Drum\Drum.csproj", "{E3235C43-2047-4DB5-923C-EA47AA4D939C}"
EndProject
Project("{FAE04EC0-301F-11D3-BF4B-00C04F79EFBC}") = "Drum.Tests", "Drum.Tests\Drum.Tests.csproj", "{FA3F8D8E-884C-4B09-8F43-F545799C8B34}"
EndProject
Project("{FAE04EC0-301F-11D3-BF4B-00C04F79EFBC}") = "Drum.Example", "Drum.Example\Drum.Example.csproj", "{6319CE82-A460-4103-BF9D-BE0F90A415F9}"
EndProject
Project("{FAE04EC0-301F-11D3-BF4B-00C04F79EFBC}") = "Drum.Hyprlinkr", "Drum.Hyprlinkr\Drum.Hyprlinkr.csproj", "{4541423F-307A-4E1C-A60F-7E5F9076FBBD}"
EndProject
Project("{FAE04EC0-301F-11D3-BF4B-00C04F79EFBC}") = "Drum.Hyprlinkr.Tests", "Drum.Hyprlinkr.Tests\Drum.Hyprlinkr.Tests.csproj", "{DCBD7BF8-C0B6-4118-B8D9-EB4A3522B302}"
EndProject
Global
	GlobalSection(SolutionConfigurationPlatforms) = preSolution
		Debug|Any CPU = Debug|Any CPU
		Release|Any CPU = Release|Any CPU
	EndGlobalSection
	GlobalSection(ProjectConfigurationPlatforms) = postSolution
		{E3235C43-2047-4DB5-923C-EA47AA4D939C}.Debug|Any CPU.ActiveCfg = Debug|Any CPU
		{E3235C43-2047-4DB5-923C-EA47AA4D939C}.Debug|Any CPU.Build.0 = Debug|Any CPU
		{E3235C43-2047-4DB5-923C-EA47AA4D939C}.Release|Any CPU.ActiveCfg = Release|Any CPU
		{E3235C43-2047-4DB5-923C-EA47AA4D939C}.Release|Any CPU.Build.0 = Release|Any CPU
		{FA3F8D8E-884C-4B09-8F43-F545799C8B34}.Debug|Any CPU.ActiveCfg = Debug|Any CPU
		{FA3F8D8E-884C-4B09-8F43-F545799C8B34}.Debug|Any CPU.Build.0 = Debug|Any CPU
		{FA3F8D8E-884C-4B09-8F43-F545799C8B34}.Release|Any CPU.ActiveCfg = Release|Any CPU
		{FA3F8D8E-884C-4B09-8F43-F545799C8B34}.Release|Any CPU.Build.0 = Release|Any CPU
		{6319CE82-A460-4103-BF9D-BE0F90A415F9}.Debug|Any CPU.ActiveCfg = Debug|Any CPU
		{6319CE82-A460-4103-BF9D-BE0F90A415F9}.Debug|Any CPU.Build.0 = Debug|Any CPU
		{6319CE82-A460-4103-BF9D-BE0F90A415F9}.Release|Any CPU.ActiveCfg = Release|Any CPU
		{6319CE82-A460-4103-BF9D-BE0F90A415F9}.Release|Any CPU.Build.0 = Release|Any CPU
		{4541423F-307A-4E1C-A60F-7E5F9076FBBD}.Debug|Any CPU.ActiveCfg = Debug|Any CPU
		{4541423F-307A-4E1C-A60F-7E5F9076FBBD}.Debug|Any CPU.Build.0 = Debug|Any CPU
		{4541423F-307A-4E1C-A60F-7E5F9076FBBD}.Release|Any CPU.ActiveCfg = Release|Any CPU
		{4541423F-307A-4E1C-A60F-7E5F9076FBBD}.Release|Any CPU.Build.0 = Release|Any CPU
		{DCBD7BF8-C0B6-4118-B8D9-EB4A3522B302}.Debug|Any CPU.ActiveCfg = Debug|Any CPU
		{DCBD7BF8-C0B6-4118-B8D9-EB4A3522B302}.Debug|Any CPU.Build.0 = Debug|Any CPU
		{DCBD7BF8-C0B6-4118-B8D9-EB4A3522B302}.Release|Any CPU.ActiveCfg = Release|Any CPU
		{DCBD7BF8-C0B6-4118-B8D9-EB4A3522B302}.Release|Any CPU.Build.0 = Release|Any CPU
	EndGlobalSection
	GlobalSection(SolutionProperties) = preSolution
		HideSolutionNode = FALSE
	EndGlobalSection
EndGlobal
